{
	"name": "bw_icon",
	"version": "1.0.0",
	"lockfileVersion": 3,
	"requires": true,
	"packages": {
		"": {
			"name": "bw_icon",
			"version": "1.0.0",
			"license": "GPL-2.0-or-later",
			"dependencies": {
				"bootstrap": "^5.3.3",
				"esbuild": "^0.25.5",
				"esbuild-svelte": "^0.9.0",
				"lit": "^3.2.1",
				"svelte": "^5.2.7"
			}
		},
		"node_modules/@ampproject/remapping": {
			"version": "2.3.0",
			"resolved": "https://registry.npmjs.org/@ampproject/remapping/-/remapping-2.3.0.tgz",
			"integrity": "sha512-30iZtAPgz+LTIYoeivqYo853f02jBYSd5uGnGpkFV0M3xOt9aN73erkgYAmZU43x4VfqcnLxW9Kpg3R5LC4YYw==",
			"license": "Apache-2.0",
			"dependencies": {
				"@jridgewell/gen-mapping": "^0.3.5",
				"@jridgewell/trace-mapping": "^0.3.24"
			},
			"engines": {
				"node": ">=6.0.0"
			}
		},
		"node_modules/@esbuild/aix-ppc64": {
			"version": "0.25.8",
			"resolved": "https://registry.npmjs.org/@esbuild/aix-ppc64/-/aix-ppc64-0.25.8.tgz",
			"integrity": "sha512-urAvrUedIqEiFR3FYSLTWQgLu5tb+m0qZw0NBEasUeo6wuqatkMDaRT+1uABiGXEu5vqgPd7FGE1BhsAIy9QVA==",
			"cpu": [
				"ppc64"
			],
			"license": "MIT",
			"optional": true,
			"os": [
				"aix"
			],
			"engines": {
				"node": ">=18"
			}
		},
		"node_modules/@esbuild/android-arm": {
			"version": "0.25.8",
			"resolved": "https://registry.npmjs.org/@esbuild/android-arm/-/android-arm-0.25.8.tgz",
			"integrity": "sha512-RONsAvGCz5oWyePVnLdZY/HHwA++nxYWIX1atInlaW6SEkwq6XkP3+cb825EUcRs5Vss/lGh/2YxAb5xqc07Uw==",
			"cpu": [
				"arm"
			],
			"license": "MIT",
			"optional": true,
			"os": [
				"android"
			],
			"engines": {
				"node": ">=18"
			}
		},
		"node_modules/@esbuild/android-arm64": {
			"version": "0.25.8",
			"resolved": "https://registry.npmjs.org/@esbuild/android-arm64/-/android-arm64-0.25.8.tgz",
			"integrity": "sha512-OD3p7LYzWpLhZEyATcTSJ67qB5D+20vbtr6vHlHWSQYhKtzUYrETuWThmzFpZtFsBIxRvhO07+UgVA9m0i/O1w==",
			"cpu": [
				"arm64"
			],
			"license": "MIT",
			"optional": true,
			"os": [
				"android"
			],
			"engines": {
				"node": ">=18"
			}
		},
		"node_modules/@esbuild/android-x64": {
			"version": "0.25.8",
			"resolved": "https://registry.npmjs.org/@esbuild/android-x64/-/android-x64-0.25.8.tgz",
			"integrity": "sha512-yJAVPklM5+4+9dTeKwHOaA+LQkmrKFX96BM0A/2zQrbS6ENCmxc4OVoBs5dPkCCak2roAD+jKCdnmOqKszPkjA==",
			"cpu": [
				"x64"
			],
			"license": "MIT",
			"optional": true,
			"os": [
				"android"
			],
			"engines": {
				"node": ">=18"
			}
		},
		"node_modules/@esbuild/darwin-arm64": {
			"version": "0.25.8",
			"resolved": "https://registry.npmjs.org/@esbuild/darwin-arm64/-/darwin-arm64-0.25.8.tgz",
			"integrity": "sha512-Jw0mxgIaYX6R8ODrdkLLPwBqHTtYHJSmzzd+QeytSugzQ0Vg4c5rDky5VgkoowbZQahCbsv1rT1KW72MPIkevw==",
			"cpu": [
				"arm64"
			],
			"license": "MIT",
			"optional": true,
			"os": [
				"darwin"
			],
			"engines": {
				"node": ">=18"
			}
		},
		"node_modules/@esbuild/darwin-x64": {
			"version": "0.25.8",
			"resolved": "https://registry.npmjs.org/@esbuild/darwin-x64/-/darwin-x64-0.25.8.tgz",
			"integrity": "sha512-Vh2gLxxHnuoQ+GjPNvDSDRpoBCUzY4Pu0kBqMBDlK4fuWbKgGtmDIeEC081xi26PPjn+1tct+Bh8FjyLlw1Zlg==",
			"cpu": [
				"x64"
			],
			"license": "MIT",
			"optional": true,
			"os": [
				"darwin"
			],
			"engines": {
				"node": ">=18"
			}
		},
		"node_modules/@esbuild/freebsd-arm64": {
			"version": "0.25.8",
			"resolved": "https://registry.npmjs.org/@esbuild/freebsd-arm64/-/freebsd-arm64-0.25.8.tgz",
			"integrity": "sha512-YPJ7hDQ9DnNe5vxOm6jaie9QsTwcKedPvizTVlqWG9GBSq+BuyWEDazlGaDTC5NGU4QJd666V0yqCBL2oWKPfA==",
			"cpu": [
				"arm64"
			],
			"license": "MIT",
			"optional": true,
			"os": [
				"freebsd"
			],
			"engines": {
				"node": ">=18"
			}
		},
		"node_modules/@esbuild/freebsd-x64": {
			"version": "0.25.8",
			"resolved": "https://registry.npmjs.org/@esbuild/freebsd-x64/-/freebsd-x64-0.25.8.tgz",
			"integrity": "sha512-MmaEXxQRdXNFsRN/KcIimLnSJrk2r5H8v+WVafRWz5xdSVmWLoITZQXcgehI2ZE6gioE6HirAEToM/RvFBeuhw==",
			"cpu": [
				"x64"
			],
			"license": "MIT",
			"optional": true,
			"os": [
				"freebsd"
			],
			"engines": {
				"node": ">=18"
			}
		},
		"node_modules/@esbuild/linux-arm": {
			"version": "0.25.8",
			"resolved": "https://registry.npmjs.org/@esbuild/linux-arm/-/linux-arm-0.25.8.tgz",
			"integrity": "sha512-FuzEP9BixzZohl1kLf76KEVOsxtIBFwCaLupVuk4eFVnOZfU+Wsn+x5Ryam7nILV2pkq2TqQM9EZPsOBuMC+kg==",
			"cpu": [
				"arm"
			],
			"license": "MIT",
			"optional": true,
			"os": [
				"linux"
			],
			"engines": {
				"node": ">=18"
			}
		},
		"node_modules/@esbuild/linux-arm64": {
			"version": "0.25.8",
			"resolved": "https://registry.npmjs.org/@esbuild/linux-arm64/-/linux-arm64-0.25.8.tgz",
			"integrity": "sha512-WIgg00ARWv/uYLU7lsuDK00d/hHSfES5BzdWAdAig1ioV5kaFNrtK8EqGcUBJhYqotlUByUKz5Qo6u8tt7iD/w==",
			"cpu": [
				"arm64"
			],
			"license": "MIT",
			"optional": true,
			"os": [
				"linux"
			],
			"engines": {
				"node": ">=18"
			}
		},
		"node_modules/@esbuild/linux-ia32": {
			"version": "0.25.8",
			"resolved": "https://registry.npmjs.org/@esbuild/linux-ia32/-/linux-ia32-0.25.8.tgz",
			"integrity": "sha512-A1D9YzRX1i+1AJZuFFUMP1E9fMaYY+GnSQil9Tlw05utlE86EKTUA7RjwHDkEitmLYiFsRd9HwKBPEftNdBfjg==",
			"cpu": [
				"ia32"
			],
			"license": "MIT",
			"optional": true,
			"os": [
				"linux"
			],
			"engines": {
				"node": ">=18"
			}
		},
		"node_modules/@esbuild/linux-loong64": {
			"version": "0.25.8",
			"resolved": "https://registry.npmjs.org/@esbuild/linux-loong64/-/linux-loong64-0.25.8.tgz",
			"integrity": "sha512-O7k1J/dwHkY1RMVvglFHl1HzutGEFFZ3kNiDMSOyUrB7WcoHGf96Sh+64nTRT26l3GMbCW01Ekh/ThKM5iI7hQ==",
			"cpu": [
				"loong64"
			],
			"license": "MIT",
			"optional": true,
			"os": [
				"linux"
			],
			"engines": {
				"node": ">=18"
			}
		},
		"node_modules/@esbuild/linux-mips64el": {
			"version": "0.25.8",
			"resolved": "https://registry.npmjs.org/@esbuild/linux-mips64el/-/linux-mips64el-0.25.8.tgz",
			"integrity": "sha512-uv+dqfRazte3BzfMp8PAQXmdGHQt2oC/y2ovwpTteqrMx2lwaksiFZ/bdkXJC19ttTvNXBuWH53zy/aTj1FgGw==",
			"cpu": [
				"mips64el"
			],
			"license": "MIT",
			"optional": true,
			"os": [
				"linux"
			],
			"engines": {
				"node": ">=18"
			}
		},
		"node_modules/@esbuild/linux-ppc64": {
			"version": "0.25.8",
			"resolved": "https://registry.npmjs.org/@esbuild/linux-ppc64/-/linux-ppc64-0.25.8.tgz",
			"integrity": "sha512-GyG0KcMi1GBavP5JgAkkstMGyMholMDybAf8wF5A70CALlDM2p/f7YFE7H92eDeH/VBtFJA5MT4nRPDGg4JuzQ==",
			"cpu": [
				"ppc64"
			],
			"license": "MIT",
			"optional": true,
			"os": [
				"linux"
			],
			"engines": {
				"node": ">=18"
			}
		},
		"node_modules/@esbuild/linux-riscv64": {
			"version": "0.25.8",
			"resolved": "https://registry.npmjs.org/@esbuild/linux-riscv64/-/linux-riscv64-0.25.8.tgz",
			"integrity": "sha512-rAqDYFv3yzMrq7GIcen3XP7TUEG/4LK86LUPMIz6RT8A6pRIDn0sDcvjudVZBiiTcZCY9y2SgYX2lgK3AF+1eg==",
			"cpu": [
				"riscv64"
			],
			"license": "MIT",
			"optional": true,
			"os": [
				"linux"
			],
			"engines": {
				"node": ">=18"
			}
		},
		"node_modules/@esbuild/linux-s390x": {
			"version": "0.25.8",
			"resolved": "https://registry.npmjs.org/@esbuild/linux-s390x/-/linux-s390x-0.25.8.tgz",
			"integrity": "sha512-Xutvh6VjlbcHpsIIbwY8GVRbwoviWT19tFhgdA7DlenLGC/mbc3lBoVb7jxj9Z+eyGqvcnSyIltYUrkKzWqSvg==",
			"cpu": [
				"s390x"
			],
			"license": "MIT",
			"optional": true,
			"os": [
				"linux"
			],
			"engines": {
				"node": ">=18"
			}
		},
		"node_modules/@esbuild/linux-x64": {
			"version": "0.25.8",
			"resolved": "https://registry.npmjs.org/@esbuild/linux-x64/-/linux-x64-0.25.8.tgz",
			"integrity": "sha512-ASFQhgY4ElXh3nDcOMTkQero4b1lgubskNlhIfJrsH5OKZXDpUAKBlNS0Kx81jwOBp+HCeZqmoJuihTv57/jvQ==",
			"cpu": [
				"x64"
			],
			"license": "MIT",
			"optional": true,
			"os": [
				"linux"
			],
			"engines": {
				"node": ">=18"
			}
		},
		"node_modules/@esbuild/netbsd-arm64": {
			"version": "0.25.8",
			"resolved": "https://registry.npmjs.org/@esbuild/netbsd-arm64/-/netbsd-arm64-0.25.8.tgz",
			"integrity": "sha512-d1KfruIeohqAi6SA+gENMuObDbEjn22olAR7egqnkCD9DGBG0wsEARotkLgXDu6c4ncgWTZJtN5vcgxzWRMzcw==",
			"cpu": [
				"arm64"
			],
			"license": "MIT",
			"optional": true,
			"os": [
				"netbsd"
			],
			"engines": {
				"node": ">=18"
			}
		},
		"node_modules/@esbuild/netbsd-x64": {
			"version": "0.25.8",
			"resolved": "https://registry.npmjs.org/@esbuild/netbsd-x64/-/netbsd-x64-0.25.8.tgz",
			"integrity": "sha512-nVDCkrvx2ua+XQNyfrujIG38+YGyuy2Ru9kKVNyh5jAys6n+l44tTtToqHjino2My8VAY6Lw9H7RI73XFi66Cg==",
			"cpu": [
				"x64"
			],
			"license": "MIT",
			"optional": true,
			"os": [
				"netbsd"
			],
			"engines": {
				"node": ">=18"
			}
		},
		"node_modules/@esbuild/openbsd-arm64": {
			"version": "0.25.8",
			"resolved": "https://registry.npmjs.org/@esbuild/openbsd-arm64/-/openbsd-arm64-0.25.8.tgz",
			"integrity": "sha512-j8HgrDuSJFAujkivSMSfPQSAa5Fxbvk4rgNAS5i3K+r8s1X0p1uOO2Hl2xNsGFppOeHOLAVgYwDVlmxhq5h+SQ==",
			"cpu": [
				"arm64"
			],
			"license": "MIT",
			"optional": true,
			"os": [
				"openbsd"
			],
			"engines": {
				"node": ">=18"
			}
		},
		"node_modules/@esbuild/openbsd-x64": {
			"version": "0.25.8",
			"resolved": "https://registry.npmjs.org/@esbuild/openbsd-x64/-/openbsd-x64-0.25.8.tgz",
			"integrity": "sha512-1h8MUAwa0VhNCDp6Af0HToI2TJFAn1uqT9Al6DJVzdIBAd21m/G0Yfc77KDM3uF3T/YaOgQq3qTJHPbTOInaIQ==",
			"cpu": [
				"x64"
			],
			"license": "MIT",
			"optional": true,
			"os": [
				"openbsd"
			],
			"engines": {
				"node": ">=18"
			}
		},
		"node_modules/@esbuild/openharmony-arm64": {
			"version": "0.25.8",
			"resolved": "https://registry.npmjs.org/@esbuild/openharmony-arm64/-/openharmony-arm64-0.25.8.tgz",
			"integrity": "sha512-r2nVa5SIK9tSWd0kJd9HCffnDHKchTGikb//9c7HX+r+wHYCpQrSgxhlY6KWV1nFo1l4KFbsMlHk+L6fekLsUg==",
			"cpu": [
				"arm64"
			],
			"license": "MIT",
			"optional": true,
			"os": [
				"openharmony"
			],
			"engines": {
				"node": ">=18"
			}
		},
		"node_modules/@esbuild/sunos-x64": {
			"version": "0.25.8",
			"resolved": "https://registry.npmjs.org/@esbuild/sunos-x64/-/sunos-x64-0.25.8.tgz",
			"integrity": "sha512-zUlaP2S12YhQ2UzUfcCuMDHQFJyKABkAjvO5YSndMiIkMimPmxA+BYSBikWgsRpvyxuRnow4nS5NPnf9fpv41w==",
			"cpu": [
				"x64"
			],
			"license": "MIT",
			"optional": true,
			"os": [
				"sunos"
			],
			"engines": {
				"node": ">=18"
			}
		},
		"node_modules/@esbuild/win32-arm64": {
			"version": "0.25.8",
			"resolved": "https://registry.npmjs.org/@esbuild/win32-arm64/-/win32-arm64-0.25.8.tgz",
			"integrity": "sha512-YEGFFWESlPva8hGL+zvj2z/SaK+pH0SwOM0Nc/d+rVnW7GSTFlLBGzZkuSU9kFIGIo8q9X3ucpZhu8PDN5A2sQ==",
			"cpu": [
				"arm64"
			],
			"license": "MIT",
			"optional": true,
			"os": [
				"win32"
			],
			"engines": {
				"node": ">=18"
			}
		},
		"node_modules/@esbuild/win32-ia32": {
			"version": "0.25.8",
			"resolved": "https://registry.npmjs.org/@esbuild/win32-ia32/-/win32-ia32-0.25.8.tgz",
			"integrity": "sha512-hiGgGC6KZ5LZz58OL/+qVVoZiuZlUYlYHNAmczOm7bs2oE1XriPFi5ZHHrS8ACpV5EjySrnoCKmcbQMN+ojnHg==",
			"cpu": [
				"ia32"
			],
			"license": "MIT",
			"optional": true,
			"os": [
				"win32"
			],
			"engines": {
				"node": ">=18"
			}
		},
		"node_modules/@esbuild/win32-x64": {
			"version": "0.25.8",
			"resolved": "https://registry.npmjs.org/@esbuild/win32-x64/-/win32-x64-0.25.8.tgz",
			"integrity": "sha512-cn3Yr7+OaaZq1c+2pe+8yxC8E144SReCQjN6/2ynubzYjvyqZjTXfQJpAcQpsdJq3My7XADANiYGHoFC69pLQw==",
			"cpu": [
				"x64"
			],
			"license": "MIT",
			"optional": true,
			"os": [
				"win32"
			],
			"engines": {
				"node": ">=18"
			}
		},
		"node_modules/@jridgewell/gen-mapping": {
			"version": "0.3.12",
			"resolved": "https://registry.npmjs.org/@jridgewell/gen-mapping/-/gen-mapping-0.3.12.tgz",
			"integrity": "sha512-OuLGC46TjB5BbN1dH8JULVVZY4WTdkF7tV9Ys6wLL1rubZnCMstOhNHueU5bLCrnRuDhKPDM4g6sw4Bel5Gzqg==",
			"license": "MIT",
			"dependencies": {
				"@jridgewell/sourcemap-codec": "^1.5.0",
				"@jridgewell/trace-mapping": "^0.3.24"
			}
		},
		"node_modules/@jridgewell/resolve-uri": {
			"version": "3.1.2",
			"resolved": "https://registry.npmjs.org/@jridgewell/resolve-uri/-/resolve-uri-3.1.2.tgz",
			"integrity": "sha512-bRISgCIjP20/tbWSPWMEi54QVPRZExkuD9lJL+UIxUKtwVJA8wW1Trb1jMs1RFXo1CBTNZ/5hpC9QvmKWdopKw==",
			"license": "MIT",
			"engines": {
				"node": ">=6.0.0"
			}
		},
		"node_modules/@jridgewell/sourcemap-codec": {
			"version": "1.5.4",
			"resolved": "https://registry.npmjs.org/@jridgewell/sourcemap-codec/-/sourcemap-codec-1.5.4.tgz",
			"integrity": "sha512-VT2+G1VQs/9oz078bLrYbecdZKs912zQlkelYpuf+SXF+QvZDYJlbx/LSx+meSAwdDFnF8FVXW92AVjjkVmgFw==",
			"license": "MIT"
		},
		"node_modules/@jridgewell/trace-mapping": {
			"version": "0.3.29",
			"resolved": "https://registry.npmjs.org/@jridgewell/trace-mapping/-/trace-mapping-0.3.29.tgz",
			"integrity": "sha512-uw6guiW/gcAGPDhLmd77/6lW8QLeiV5RUTsAX46Db6oLhGaVj4lhnPwb184s1bkc8kdVg/+h988dro8GRDpmYQ==",
			"license": "MIT",
			"dependencies": {
				"@jridgewell/resolve-uri": "^3.1.0",
				"@jridgewell/sourcemap-codec": "^1.4.14"
			}
		},
		"node_modules/@lit-labs/ssr-dom-shim": {
			"version": "1.4.0",
			"resolved": "https://registry.npmjs.org/@lit-labs/ssr-dom-shim/-/ssr-dom-shim-1.4.0.tgz",
			"integrity": "sha512-ficsEARKnmmW5njugNYKipTm4SFnbik7CXtoencDZzmzo/dQ+2Q0bgkzJuoJP20Aj0F+izzJjOqsnkd6F/o1bw==",
			"license": "BSD-3-Clause"
		},
		"node_modules/@lit/reactive-element": {
			"version": "2.1.1",
			"resolved": "https://registry.npmjs.org/@lit/reactive-element/-/reactive-element-2.1.1.tgz",
			"integrity": "sha512-N+dm5PAYdQ8e6UlywyyrgI2t++wFGXfHx+dSJ1oBrg6FAxUj40jId++EaRm80MKX5JnlH1sBsyZ5h0bcZKemCg==",
			"license": "BSD-3-Clause",
			"dependencies": {
				"@lit-labs/ssr-dom-shim": "^1.4.0"
			}
		},
		"node_modules/@popperjs/core": {
			"version": "2.11.8",
			"resolved": "https://registry.npmjs.org/@popperjs/core/-/core-2.11.8.tgz",
			"integrity": "sha512-P1st0aksCrn9sGZhp8GMYwBnQsbvAWsZAX44oXNNvLHGqAOcoVxmjZiohstwQ7SqKnbR47akdNi+uleWD8+g6A==",
			"license": "MIT",
			"peer": true,
			"funding": {
				"type": "opencollective",
				"url": "https://opencollective.com/popperjs"
			}
		},
		"node_modules/@sveltejs/acorn-typescript": {
			"version": "1.0.5",
			"resolved": "https://registry.npmjs.org/@sveltejs/acorn-typescript/-/acorn-typescript-1.0.5.tgz",
			"integrity": "sha512-IwQk4yfwLdibDlrXVE04jTZYlLnwsTT2PIOQQGNLWfjavGifnk1JD1LcZjZaBTRcxZu2FfPfNLOE04DSu9lqtQ==",
			"license": "MIT",
			"peerDependencies": {
				"acorn": "^8.9.0"
			}
		},
		"node_modules/@types/estree": {
			"version": "1.0.8",
			"resolved": "https://registry.npmjs.org/@types/estree/-/estree-1.0.8.tgz",
			"integrity": "sha512-dWHzHa2WqEXI/O1E9OjrocMTKJl2mSrEolh1Iomrv6U+JuNwaHXsXx9bLu5gG7BUWFIN0skIQJQ/L1rIex4X6w==",
			"license": "MIT"
		},
		"node_modules/@types/trusted-types": {
			"version": "2.0.7",
			"resolved": "https://registry.npmjs.org/@types/trusted-types/-/trusted-types-2.0.7.tgz",
			"integrity": "sha512-ScaPdn1dQczgbl0QFTeTOmVHFULt394XJgOQNoyVhZ6r2vLnMLJfBPd53SB52T/3G36VI1/g2MZaX0cwDuXsfw==",
			"license": "MIT"
		},
		"node_modules/acorn": {
			"version": "8.15.0",
			"resolved": "https://registry.npmjs.org/acorn/-/acorn-8.15.0.tgz",
			"integrity": "sha512-NZyJarBfL7nWwIq+FDL6Zp/yHEhePMNnnJ0y3qfieCrmNvYct8uvtiV41UvlSe6apAfk0fY1FbWx+NwfmpvtTg==",
			"license": "MIT",
			"bin": {
				"acorn": "bin/acorn"
			},
			"engines": {
				"node": ">=0.4.0"
			}
		},
		"node_modules/aria-query": {
			"version": "5.3.2",
			"resolved": "https://registry.npmjs.org/aria-query/-/aria-query-5.3.2.tgz",
			"integrity": "sha512-COROpnaoap1E2F000S62r6A60uHZnmlvomhfyT2DlTcrY1OrBKn2UhH7qn5wTC9zMvD0AY7csdPSNwKP+7WiQw==",
			"license": "Apache-2.0",
			"engines": {
				"node": ">= 0.4"
			}
		},
		"node_modules/axobject-query": {
			"version": "4.1.0",
			"resolved": "https://registry.npmjs.org/axobject-query/-/axobject-query-4.1.0.tgz",
			"integrity": "sha512-qIj0G9wZbMGNLjLmg1PT6v2mE9AH2zlnADJD/2tC6E00hgmhUOfEB6greHPAfLRSufHqROIUTkw6E+M3lH0PTQ==",
			"license": "Apache-2.0",
			"engines": {
				"node": ">= 0.4"
			}
		},
		"node_modules/bootstrap": {
			"version": "5.3.7",
			"resolved": "https://registry.npmjs.org/bootstrap/-/bootstrap-5.3.7.tgz",
			"integrity": "sha512-7KgiD8UHjfcPBHEpDNg+zGz8L3LqR3GVwqZiBRFX04a1BCArZOz1r2kjly2HQ0WokqTO0v1nF+QAt8dsW4lKlw==",
			"funding": [
				{
					"type": "github",
					"url": "https://github.com/sponsors/twbs"
				},
				{
					"type": "opencollective",
					"url": "https://opencollective.com/bootstrap"
				}
			],
			"license": "MIT",
			"peerDependencies": {
				"@popperjs/core": "^2.11.8"
			}
		},
		"node_modules/clsx": {
			"version": "2.1.1",
			"resolved": "https://registry.npmjs.org/clsx/-/clsx-2.1.1.tgz",
			"integrity": "sha512-eYm0QWBtUrBWZWG0d386OGAw16Z995PiOVo2B7bjWSbHedGl5e0ZWaq65kOGgUSNesEIDkB9ISbTg/JK9dhCZA==",
			"license": "MIT",
			"engines": {
				"node": ">=6"
			}
		},
		"node_modules/esbuild": {
			"version": "0.25.8",
			"resolved": "https://registry.npmjs.org/esbuild/-/esbuild-0.25.8.tgz",
			"integrity": "sha512-vVC0USHGtMi8+R4Kz8rt6JhEWLxsv9Rnu/lGYbPR8u47B+DCBksq9JarW0zOO7bs37hyOK1l2/oqtbciutL5+Q==",
			"hasInstallScript": true,
			"license": "MIT",
			"bin": {
				"esbuild": "bin/esbuild"
			},
			"engines": {
				"node": ">=18"
			},
			"optionalDependencies": {
				"@esbuild/aix-ppc64": "0.25.8",
				"@esbuild/android-arm": "0.25.8",
				"@esbuild/android-arm64": "0.25.8",
				"@esbuild/android-x64": "0.25.8",
				"@esbuild/darwin-arm64": "0.25.8",
				"@esbuild/darwin-x64": "0.25.8",
				"@esbuild/freebsd-arm64": "0.25.8",
				"@esbuild/freebsd-x64": "0.25.8",
				"@esbuild/linux-arm": "0.25.8",
				"@esbuild/linux-arm64": "0.25.8",
				"@esbuild/linux-ia32": "0.25.8",
				"@esbuild/linux-loong64": "0.25.8",
				"@esbuild/linux-mips64el": "0.25.8",
				"@esbuild/linux-ppc64": "0.25.8",
				"@esbuild/linux-riscv64": "0.25.8",
				"@esbuild/linux-s390x": "0.25.8",
				"@esbuild/linux-x64": "0.25.8",
				"@esbuild/netbsd-arm64": "0.25.8",
				"@esbuild/netbsd-x64": "0.25.8",
				"@esbuild/openbsd-arm64": "0.25.8",
				"@esbuild/openbsd-x64": "0.25.8",
				"@esbuild/openharmony-arm64": "0.25.8",
				"@esbuild/sunos-x64": "0.25.8",
				"@esbuild/win32-arm64": "0.25.8",
				"@esbuild/win32-ia32": "0.25.8",
				"@esbuild/win32-x64": "0.25.8"
			}
		},
		"node_modules/esbuild-svelte": {
			"version": "0.9.3",
			"resolved": "https://registry.npmjs.org/esbuild-svelte/-/esbuild-svelte-0.9.3.tgz",
			"integrity": "sha512-CgEcGY1r/d16+aggec3czoFBEBaYIrFOnMxpsO6fWNaNEqHregPN5DLAPZDqrL7rXDNplW+WMu8s3GMq9FqgJA==",
			"license": "MIT",
			"dependencies": {
				"@jridgewell/trace-mapping": "^0.3.19"
			},
			"engines": {
				"node": ">=18"
			},
			"peerDependencies": {
				"esbuild": ">=0.17.0",
				"svelte": ">=4.2.1 <6"
			}
		},
		"node_modules/esm-env": {
			"version": "1.2.2",
			"resolved": "https://registry.npmjs.org/esm-env/-/esm-env-1.2.2.tgz",
			"integrity": "sha512-Epxrv+Nr/CaL4ZcFGPJIYLWFom+YeV1DqMLHJoEd9SYRxNbaFruBwfEX/kkHUJf55j2+TUbmDcmuilbP1TmXHA==",
			"license": "MIT"
		},
		"node_modules/esrap": {
			"version": "2.1.0",
			"resolved": "https://registry.npmjs.org/esrap/-/esrap-2.1.0.tgz",
			"integrity": "sha512-yzmPNpl7TBbMRC5Lj2JlJZNPml0tzqoqP5B1JXycNUwtqma9AKCO0M2wHrdgsHcy1WRW7S9rJknAMtByg3usgA==",
			"license": "MIT",
			"dependencies": {
				"@jridgewell/sourcemap-codec": "^1.4.15"
			}
		},
		"node_modules/is-reference": {
			"version": "3.0.3",
			"resolved": "https://registry.npmjs.org/is-reference/-/is-reference-3.0.3.tgz",
			"integrity": "sha512-ixkJoqQvAP88E6wLydLGGqCJsrFUnqoH6HnaczB8XmDH1oaWU+xxdptvikTgaEhtZ53Ky6YXiBuUI2WXLMCwjw==",
			"license": "MIT",
			"dependencies": {
				"@types/estree": "^1.0.6"
			}
		},
		"node_modules/lit": {
			"version": "3.3.1",
			"resolved": "https://registry.npmjs.org/lit/-/lit-3.3.1.tgz",
			"integrity": "sha512-Ksr/8L3PTapbdXJCk+EJVB78jDodUMaP54gD24W186zGRARvwrsPfS60wae/SSCTCNZVPd1chXqio1qHQmu4NA==",
			"license": "BSD-3-Clause",
			"dependencies": {
				"@lit/reactive-element": "^2.1.0",
				"lit-element": "^4.2.0",
				"lit-html": "^3.3.0"
			}
		},
		"node_modules/lit-element": {
			"version": "4.2.1",
			"resolved": "https://registry.npmjs.org/lit-element/-/lit-element-4.2.1.tgz",
			"integrity": "sha512-WGAWRGzirAgyphK2urmYOV72tlvnxw7YfyLDgQ+OZnM9vQQBQnumQ7jUJe6unEzwGU3ahFOjuz1iz1jjrpCPuw==",
			"license": "BSD-3-Clause",
			"dependencies": {
				"@lit-labs/ssr-dom-shim": "^1.4.0",
				"@lit/reactive-element": "^2.1.0",
				"lit-html": "^3.3.0"
			}
		},
		"node_modules/lit-html": {
			"version": "3.3.1",
			"resolved": "https://registry.npmjs.org/lit-html/-/lit-html-3.3.1.tgz",
			"integrity": "sha512-S9hbyDu/vs1qNrithiNyeyv64c9yqiW9l+DBgI18fL+MTvOtWoFR0FWiyq1TxaYef5wNlpEmzlXoBlZEO+WjoA==",
			"license": "BSD-3-Clause",
			"dependencies": {
				"@types/trusted-types": "^2.0.2"
			}
		},
		"node_modules/locate-character": {
			"version": "3.0.0",
			"resolved": "https://registry.npmjs.org/locate-character/-/locate-character-3.0.0.tgz",
			"integrity": "sha512-SW13ws7BjaeJ6p7Q6CO2nchbYEc3X3J6WrmTTDto7yMPqVSZTUyY5Tjbid+Ab8gLnATtygYtiDIJGQRRn2ZOiA==",
			"license": "MIT"
		},
		"node_modules/magic-string": {
			"version": "0.30.17",
			"resolved": "https://registry.npmjs.org/magic-string/-/magic-string-0.30.17.tgz",
			"integrity": "sha512-sNPKHvyjVf7gyjwS4xGTaW/mCnF8wnjtifKBEhxfZ7E/S8tQ0rssrwGNn6q8JH/ohItJfSQp9mBtQYuTlH5QnA==",
			"license": "MIT",
			"dependencies": {
				"@jridgewell/sourcemap-codec": "^1.5.0"
			}
		},
		"node_modules/svelte": {
			"version": "5.37.3",
			"resolved": "https://registry.npmjs.org/svelte/-/svelte-5.37.3.tgz",
			"integrity": "sha512-7t/ejshehHd+95z3Z7ebS7wsqHDQxi/8nBTuTRwpMgNegfRBfuitCSKTUDKIBOExqfT2+DhQ2VLG8Xn+cBXoaQ==",
			"license": "MIT",
			"dependencies": {
				"@ampproject/remapping": "^2.3.0",
				"@jridgewell/sourcemap-codec": "^1.5.0",
				"@sveltejs/acorn-typescript": "^1.0.5",
				"@types/estree": "^1.0.5",
				"acorn": "^8.12.1",
				"aria-query": "^5.3.1",
				"axobject-query": "^4.1.0",
				"clsx": "^2.1.1",
				"esm-env": "^1.2.1",
				"esrap": "^2.1.0",
				"is-reference": "^3.0.3",
				"locate-character": "^3.0.0",
				"magic-string": "^0.30.11",
				"zimmerframe": "^1.1.2"
			},
			"engines": {
				"node": ">=18"
			}
		},
		"node_modules/zimmerframe": {
			"version": "1.1.2",
			"resolved": "https://registry.npmjs.org/zimmerframe/-/zimmerframe-1.1.2.tgz",
			"integrity": "sha512-rAbqEGa8ovJy4pyBxZM70hg4pE6gDgaQ0Sl9M3enG3I0d6H4XSAM3GeNGLKnsBpuijUow064sf7ww1nutC5/3w==",
			"license": "MIT"
		}
	}
}
