{
  "name": "bw_icons",
  "lockfileVersion": 3,
  "requires": true,
  "packages": {
    "": {
      "dependencies": {
        "@ckeditor/ckeditor5-core": "^35.4.0",
        "@rollup/plugin-node-resolve": "^14.1.0",
        "@rollup/plugin-typescript": "^11.0.0",
        "@types/ckeditor__ckeditor5-core": "^33.0.3",
        "jquery": "^3.6.3",
        "rollup": "^2.79.1",
        "rollup-plugin-terser": "^7.0.2",
        "tslib": "^2.5.0"
      }
    },
    "node_modules/@babel/code-frame": {
      "version": "7.18.6",
      "resolved": "https://registry.npmjs.org/@babel/code-frame/-/code-frame-7.18.6.tgz",
      "integrity": "sha512-TDCmlK5eOvH+eH7cdAFlNXeVJqWIQ7gW9tY1GJIpUtFb6CmjVyq2VM3u71bOyR8CRihcCgMUYoDNyLXao3+70Q==",
      "dependencies": {
        "@babel/highlight": "^7.18.6"
      },
      "engines": {
        "node": ">=6.9.0"
      }
    },
    "node_modules/@babel/helper-validator-identifier": {
      "version": "7.19.1",
      "resolved": "https://registry.npmjs.org/@babel/helper-validator-identifier/-/helper-validator-identifier-7.19.1.tgz",
      "integrity": "sha512-awrNfaMtnHUr653GgGEs++LlAvW6w+DcPrOliSMXWCKo597CwL5Acf/wWdNkf/tfEQE3mjkeD1YOVZOUV/od1w==",
      "engines": {
        "node": ">=6.9.0"
      }
    },
    "node_modules/@babel/highlight": {
      "version": "7.18.6",
      "resolved": "https://registry.npmjs.org/@babel/highlight/-/highlight-7.18.6.tgz",
      "integrity": "sha512-u7stbOuYjaPezCuLj29hNW1v64M2Md2qupEKP1fHc7WdOA3DgLh37suiSrZYY7haUB7iBeQZ9P1uiRF359do3g==",
      "dependencies": {
        "@babel/helper-validator-identifier": "^7.18.6",
        "chalk": "^2.0.0",
        "js-tokens": "^4.0.0"
      },
      "engines": {
        "node": ">=6.9.0"
      }
    },
    "node_modules/@ckeditor/ckeditor5-core": {
      "version": "35.4.0",
      "resolved": "https://registry.npmjs.org/@ckeditor/ckeditor5-core/-/ckeditor5-core-35.4.0.tgz",
      "integrity": "sha512-Rf0H7C4inCj/YC8aii0cT7TC/IuBIQ+tXmu9qd8/1BJ/rz1MCHXtBPApjTbFp33OE3aOFB5+NUaKt05k/dL3OA==",
      "dependencies": {
        "@ckeditor/ckeditor5-engine": "^35.4.0",
        "@ckeditor/ckeditor5-ui": "^35.4.0",
        "@ckeditor/ckeditor5-utils": "^35.4.0",
        "lodash-es": "^4.17.15"
      },
      "engines": {
        "node": ">=14.0.0",
        "npm": ">=5.7.1"
      }
    },
    "node_modules/@ckeditor/ckeditor5-engine": {
      "version": "35.4.0",
      "resolved": "https://registry.npmjs.org/@ckeditor/ckeditor5-engine/-/ckeditor5-engine-35.4.0.tgz",
      "integrity": "sha512-67QKtUGJeLM072h9qURvzczYGU3ecuxR9LLmM4dffnV+PBNQ9e8RDCY7PuuEP0pplmAUI6/XqoZJIbk6h7ZV3Q==",
      "dependencies": {
        "@ckeditor/ckeditor5-utils": "^35.4.0",
        "lodash-es": "^4.17.15"
      },
      "engines": {
        "node": ">=14.0.0",
        "npm": ">=5.7.1"
      }
    },
    "node_modules/@ckeditor/ckeditor5-ui": {
      "version": "35.4.0",
      "resolved": "https://registry.npmjs.org/@ckeditor/ckeditor5-ui/-/ckeditor5-ui-35.4.0.tgz",
      "integrity": "sha512-0SmYE+k1cYQPqyw2rQsPDV/RpudneBh1bNfiaTOz+rqViJIMe+TxiuK6Fz+znNZ05s0exr+ZHWvMttGqlVoQNw==",
      "dependencies": {
        "@ckeditor/ckeditor5-core": "^35.4.0",
        "@ckeditor/ckeditor5-utils": "^35.4.0",
        "lodash-es": "^4.17.15"
      },
      "engines": {
        "node": ">=14.0.0",
        "npm": ">=5.7.1"
      }
    },
    "node_modules/@ckeditor/ckeditor5-utils": {
      "version": "35.4.0",
      "resolved": "https://registry.npmjs.org/@ckeditor/ckeditor5-utils/-/ckeditor5-utils-35.4.0.tgz",
      "integrity": "sha512-sFjbb+1VYdLbELDLWVYk86WzVN7Lo3sXHbVhdr8+kc0Ufxdr3mTFHDAkiymFt2fs1FOB5gZyWJlJU+EeJnhKUw==",
      "dependencies": {
        "lodash-es": "^4.17.15"
      },
      "engines": {
        "node": ">=14.0.0",
        "npm": ">=5.7.1"
      }
    },
    "node_modules/@jridgewell/gen-mapping": {
      "version": "0.3.2",
      "resolved": "https://registry.npmjs.org/@jridgewell/gen-mapping/-/gen-mapping-0.3.2.tgz",
      "integrity": "sha512-mh65xKQAzI6iBcFzwv28KVWSmCkdRBWoOh+bYQGW3+6OZvbbN3TqMGo5hqYxQniRcH9F2VZIoJCm4pa3BPDK/A==",
      "dependencies": {
        "@jridgewell/set-array": "^1.0.1",
        "@jridgewell/sourcemap-codec": "^1.4.10",
        "@jridgewell/trace-mapping": "^0.3.9"
      },
      "engines": {
        "node": ">=6.0.0"
      }
    },
    "node_modules/@jridgewell/resolve-uri": {
      "version": "3.1.0",
      "resolved": "https://registry.npmjs.org/@jridgewell/resolve-uri/-/resolve-uri-3.1.0.tgz",
      "integrity": "sha512-F2msla3tad+Mfht5cJq7LSXcdudKTWCVYUgw6pLFOOHSTtZlj6SWNYAp+AhuqLmWdBO2X5hPrLcu8cVP8fy28w==",
      "engines": {
        "node": ">=6.0.0"
      }
    },
    "node_modules/@jridgewell/set-array": {
      "version": "1.1.2",
      "resolved": "https://registry.npmjs.org/@jridgewell/set-array/-/set-array-1.1.2.tgz",
      "integrity": "sha512-xnkseuNADM0gt2bs+BvhO0p78Mk762YnZdsuzFV018NoG1Sj1SCQvpSqa7XUaTam5vAGasABV9qXASMKnFMwMw==",
      "engines": {
        "node": ">=6.0.0"
      }
    },
    "node_modules/@jridgewell/source-map": {
      "version": "0.3.2",
      "resolved": "https://registry.npmjs.org/@jridgewell/source-map/-/source-map-0.3.2.tgz",
      "integrity": "sha512-m7O9o2uR8k2ObDysZYzdfhb08VuEml5oWGiosa1VdaPZ/A6QyPkAJuwN0Q1lhULOf6B7MtQmHENS743hWtCrgw==",
      "dependencies": {
        "@jridgewell/gen-mapping": "^0.3.0",
        "@jridgewell/trace-mapping": "^0.3.9"
      }
    },
    "node_modules/@jridgewell/sourcemap-codec": {
      "version": "1.4.14",
      "resolved": "https://registry.npmjs.org/@jridgewell/sourcemap-codec/-/sourcemap-codec-1.4.14.tgz",
      "integrity": "sha512-XPSJHWmi394fuUuzDnGz1wiKqWfo1yXecHQMRf2l6hztTO+nPru658AyDngaBe7isIxEkRsPR3FZh+s7iVa4Uw=="
    },
    "node_modules/@jridgewell/trace-mapping": {
      "version": "0.3.17",
      "resolved": "https://registry.npmjs.org/@jridgewell/trace-mapping/-/trace-mapping-0.3.17.tgz",
      "integrity": "sha512-MCNzAp77qzKca9+W/+I0+sEpaUnZoeasnghNeVc41VZCEKaCH73Vq3BZZ/SzWIgrqE4H4ceI+p+b6C0mHf9T4g==",
      "dependencies": {
        "@jridgewell/resolve-uri": "3.1.0",
        "@jridgewell/sourcemap-codec": "1.4.14"
      }
    },
    "node_modules/@rollup/plugin-node-resolve": {
      "version": "14.1.0",
      "resolved": "https://registry.npmjs.org/@rollup/plugin-node-resolve/-/plugin-node-resolve-14.1.0.tgz",
      "integrity": "sha512-5G2niJroNCz/1zqwXtk0t9+twOSDlG00k1Wfd7bkbbXmwg8H8dvgHdIWAun53Ps/rckfvOC7scDBjuGFg5OaWw==",
      "dependencies": {
        "@rollup/pluginutils": "^3.1.0",
        "@types/resolve": "1.17.1",
        "deepmerge": "^4.2.2",
        "is-builtin-module": "^3.1.0",
        "is-module": "^1.0.0",
        "resolve": "^1.19.0"
      },
      "engines": {
        "node": ">= 10.0.0"
      },
      "peerDependencies": {
        "rollup": "^2.78.0"
      }
    },
    "node_modules/@rollup/plugin-typescript": {
      "version": "11.0.0",
      "resolved": "https://registry.npmjs.org/@rollup/plugin-typescript/-/plugin-typescript-11.0.0.tgz",
      "integrity": "sha512-goPyCWBiimk1iJgSTgsehFD5OOFHiAknrRJjqFCudcW8JtWiBlK284Xnn4flqMqg6YAjVG/EE+3aVzrL5qNSzQ==",
      "dependencies": {
        "@rollup/pluginutils": "^5.0.1",
        "resolve": "^1.22.1"
      },
      "engines": {
        "node": ">=14.0.0"
      },
      "peerDependencies": {
        "rollup": "^2.14.0||^3.0.0",
        "tslib": "*",
        "typescript": ">=3.7.0"
      },
      "peerDependenciesMeta": {
        "rollup": {
          "optional": true
        },
        "tslib": {
          "optional": true
        }
      }
    },
    "node_modules/@rollup/plugin-typescript/node_modules/@rollup/pluginutils": {
      "version": "5.0.2",
      "resolved": "https://registry.npmjs.org/@rollup/pluginutils/-/pluginutils-5.0.2.tgz",
      "integrity": "sha512-pTd9rIsP92h+B6wWwFbW8RkZv4hiR/xKsqre4SIuAOaOEQRxi0lqLke9k2/7WegC85GgUs9pjmOjCUi3In4vwA==",
      "dependencies": {
        "@types/estree": "^1.0.0",
        "estree-walker": "^2.0.2",
        "picomatch": "^2.3.1"
      },
      "engines": {
        "node": ">=14.0.0"
      },
      "peerDependencies": {
        "rollup": "^1.20.0||^2.0.0||^3.0.0"
      },
      "peerDependenciesMeta": {
        "rollup": {
          "optional": true
        }
      }
    },
    "node_modules/@rollup/plugin-typescript/node_modules/@types/estree": {
      "version": "1.0.0",
      "resolved": "https://registry.npmjs.org/@types/estree/-/estree-1.0.0.tgz",
      "integrity": "sha512-WulqXMDUTYAXCjZnk6JtIHPigp55cVtDgDrO2gHRwhyJto21+1zbVCtOYB2L1F9w4qCQ0rOGWBnBe0FNTiEJIQ=="
    },
    "node_modules/@rollup/plugin-typescript/node_modules/estree-walker": {
      "version": "2.0.2",
      "resolved": "https://registry.npmjs.org/estree-walker/-/estree-walker-2.0.2.tgz",
      "integrity": "sha512-Rfkk/Mp/DL7JVje3u18FxFujQlTNR2q6QfMSMB7AvCBx91NGj/ba3kCfza0f6dVDbw7YlRf/nDrn7pQrCCyQ/w=="
    },
    "node_modules/@rollup/pluginutils": {
      "version": "3.1.0",
      "resolved": "https://registry.npmjs.org/@rollup/pluginutils/-/pluginutils-3.1.0.tgz",
      "integrity": "sha512-GksZ6pr6TpIjHm8h9lSQ8pi8BE9VeubNT0OMJ3B5uZJ8pz73NPiqOtCog/x2/QzM1ENChPKxMDhiQuRHsqc+lg==",
      "dependencies": {
        "@types/estree": "0.0.39",
        "estree-walker": "^1.0.1",
        "picomatch": "^2.2.2"
      },
      "engines": {
        "node": ">= 8.0.0"
      },
      "peerDependencies": {
        "rollup": "^1.20.0||^2.0.0"
      }
    },
    "node_modules/@types/ckeditor__ckeditor5-adapter-ckfinder": {
      "version": "29.0.4",
      "resolved": "https://registry.npmjs.org/@types/ckeditor__ckeditor5-adapter-ckfinder/-/ckeditor__ckeditor5-adapter-ckfinder-29.0.4.tgz",
      "integrity": "sha512-baT+KeQG12qfu0iDu+TIy1BSM/OWzzvH8pTkSIckQhRwEt2mlW8jFNQMZGRi4kAmLabMoLvybiAn1yFDeepddw==",
      "dependencies": {
        "@types/ckeditor__ckeditor5-core": "*",
        "@types/ckeditor__ckeditor5-upload": "*",
        "@types/ckeditor__ckeditor5-utils": "*"
      }
    },
    "node_modules/@types/ckeditor__ckeditor5-alignment": {
      "version": "29.0.7",
      "resolved": "https://registry.npmjs.org/@types/ckeditor__ckeditor5-alignment/-/ckeditor__ckeditor5-alignment-29.0.7.tgz",
      "integrity": "sha512-tZIF0svmHOHIvbnFM074b2CySBKKQxxZG5Y41UFAvkIYxel4LTZmFV3uTbdDTmniLRIbG219vOXtWHOJ5INB/A==",
      "dependencies": {
        "@types/ckeditor__ckeditor5-core": "*",
        "@types/ckeditor__ckeditor5-utils": "*"
      }
    },
    "node_modules/@types/ckeditor__ckeditor5-autosave": {
      "version": "32.0.0",
      "resolved": "https://registry.npmjs.org/@types/ckeditor__ckeditor5-autosave/-/ckeditor__ckeditor5-autosave-32.0.0.tgz",
      "integrity": "sha512-auGeVgBG4HLXwPTbHQSsfGZcItntaBuBQN8LSreZea0ur4SJ6NKfh25USqIIQs1DUWYMDPiK6ODwSn2mhyfJ2A==",
      "dependencies": {
        "@types/ckeditor__ckeditor5-core": "*"
      }
    },
    "node_modules/@types/ckeditor__ckeditor5-ckfinder": {
      "version": "29.0.3",
      "resolved": "https://registry.npmjs.org/@types/ckeditor__ckeditor5-ckfinder/-/ckeditor__ckeditor5-ckfinder-29.0.3.tgz",
      "integrity": "sha512-RQVFIg/RrJzaA19FHD9Qzzl36sVUyyqY9ozWhEUWAmlKMUZW0MQBBtMN3vX5dZ81JtOaPVcwklNAa2yw6dqlkg==",
      "dependencies": {
        "@types/ckeditor__ckeditor5-adapter-ckfinder": "*",
        "@types/ckeditor__ckeditor5-core": "*",
        "@types/ckeditor__ckeditor5-link": "*",
        "@types/ckeditor__ckeditor5-ui": "*"
      }
    },
    "node_modules/@types/ckeditor__ckeditor5-clipboard": {
      "version": "29.0.5",
      "resolved": "https://registry.npmjs.org/@types/ckeditor__ckeditor5-clipboard/-/ckeditor__ckeditor5-clipboard-29.0.5.tgz",
      "integrity": "sha512-AN7iniYu2C417LRNuOBIirBokStvPwXm/NG72o9Ivfn0/i7J0VZiJ8KGp7Wmvrcg/bhFYfZsTbEOVW2c/59Rjg==",
      "dependencies": {
        "@types/ckeditor__ckeditor5-core": "*",
        "@types/ckeditor__ckeditor5-engine": "*",
        "@types/ckeditor__ckeditor5-widget": "*"
      }
    },
    "node_modules/@types/ckeditor__ckeditor5-cloud-services": {
      "version": "29.0.4",
      "resolved": "https://registry.npmjs.org/@types/ckeditor__ckeditor5-cloud-services/-/ckeditor__ckeditor5-cloud-services-29.0.4.tgz",
      "integrity": "sha512-fZOj+HBQbGFJg3SwUYqfdIQtFNnG2U2OCWkKDCIzUuejkdSeicF8P5GLSyNuDP0nTDdQMBqEWgzljqLZkJnkHg==",
      "dependencies": {
        "@types/ckeditor__ckeditor5-core": "*",
        "@types/ckeditor__ckeditor5-utils": "*"
      }
    },
    "node_modules/@types/ckeditor__ckeditor5-code-block": {
      "version": "29.0.3",
      "resolved": "https://registry.npmjs.org/@types/ckeditor__ckeditor5-code-block/-/ckeditor__ckeditor5-code-block-29.0.3.tgz",
      "integrity": "sha512-x3D3B8I21za6VShc3twNRzKBN4+1+pOrsXhb+TPgQLG2Q9oeRgPXhaHMhdXGAGebMWhdFlPs0lTNsQTCVjXm6A==",
      "dependencies": {
        "@types/ckeditor__ckeditor5-core": "*",
        "@types/ckeditor__ckeditor5-engine": "*",
        "@types/ckeditor__ckeditor5-enter": "*",
        "@types/ckeditor__ckeditor5-utils": "*"
      }
    },
    "node_modules/@types/ckeditor__ckeditor5-collaboration-core": {
      "version": "27.1.2",
      "resolved": "https://registry.npmjs.org/@types/ckeditor__ckeditor5-collaboration-core/-/ckeditor__ckeditor5-collaboration-core-27.1.2.tgz",
      "integrity": "sha512-g0AKoJw820i/Biho6S9qYH1SaedjXr2P/gmnqO3k8/6HWiIMALaGDUkMgYvQC5nr+ZXIzLtv04Y0eb/9H1W3DQ==",
      "dependencies": {
        "@types/ckeditor__ckeditor5-engine": "*",
        "@types/ckeditor__ckeditor5-utils": "*"
      }
    },
    "node_modules/@types/ckeditor__ckeditor5-core": {
      "version": "33.0.3",
      "resolved": "https://registry.npmjs.org/@types/ckeditor__ckeditor5-core/-/ckeditor__ckeditor5-core-33.0.3.tgz",
      "integrity": "sha512-mVaU5+faOZ/2eR2jZb26H0JLqHLV/4a/p1/t7K9l8j5fMWTcubE5FRifjCk/TowazNW+/xcgRinyFnnUtNFUTQ==",
      "dependencies": {
        "@types/ckeditor__ckeditor5-alignment": "*",
        "@types/ckeditor__ckeditor5-autosave": "*",
        "@types/ckeditor__ckeditor5-ckfinder": "*",
        "@types/ckeditor__ckeditor5-cloud-services": "*",
        "@types/ckeditor__ckeditor5-code-block": "*",
        "@types/ckeditor__ckeditor5-engine": "*",
        "@types/ckeditor__ckeditor5-export-pdf": "*",
        "@types/ckeditor__ckeditor5-export-word": "*",
        "@types/ckeditor__ckeditor5-font": "*",
        "@types/ckeditor__ckeditor5-heading": "*",
        "@types/ckeditor__ckeditor5-highlight": "*",
        "@types/ckeditor__ckeditor5-image": "*",
        "@types/ckeditor__ckeditor5-indent": "*",
        "@types/ckeditor__ckeditor5-language": "*",
        "@types/ckeditor__ckeditor5-link": "*",
        "@types/ckeditor__ckeditor5-media-embed": "*",
        "@types/ckeditor__ckeditor5-mention": "*",
        "@types/ckeditor__ckeditor5-minimap": "*",
        "@types/ckeditor__ckeditor5-pagination": "*",
        "@types/ckeditor__ckeditor5-real-time-collaboration": "*",
        "@types/ckeditor__ckeditor5-restricted-editing": "*",
        "@types/ckeditor__ckeditor5-table": "*",
        "@types/ckeditor__ckeditor5-track-changes": "*",
        "@types/ckeditor__ckeditor5-typing": "*",
        "@types/ckeditor__ckeditor5-ui": "*",
        "@types/ckeditor__ckeditor5-upload": "*",
        "@types/ckeditor__ckeditor5-utils": "*",
        "@types/ckeditor__ckeditor5-word-count": "*"
      }
    },
    "node_modules/@types/ckeditor__ckeditor5-engine": {
      "version": "32.0.11",
      "resolved": "https://registry.npmjs.org/@types/ckeditor__ckeditor5-engine/-/ckeditor__ckeditor5-engine-32.0.11.tgz",
      "integrity": "sha512-mjP5DE+VvVdUqgn9SL1qTr5HRouG6xj+hiFu4Hzz3HWLLBaCEfK6dPUTc6/QM/nMNlNl8Ux9551qCYMoKanzvw==",
      "dependencies": {
        "@types/ckeditor__ckeditor5-engine": "*",
        "@types/ckeditor__ckeditor5-utils": "*"
      }
    },
    "node_modules/@types/ckeditor__ckeditor5-enter": {
      "version": "27.0.3",
      "resolved": "https://registry.npmjs.org/@types/ckeditor__ckeditor5-enter/-/ckeditor__ckeditor5-enter-27.0.3.tgz",
      "integrity": "sha512-qFv9QXk/kXkHQaS748FnO+XZoLOp34x25hOWpOFgBGbrfSZxJ6rYE+vk6BbX+b7sakj7glMctYeitNfGRMcVDQ==",
      "dependencies": {
        "@types/ckeditor__ckeditor5-core": "*",
        "@types/ckeditor__ckeditor5-engine": "*"
      }
    },
    "node_modules/@types/ckeditor__ckeditor5-export-pdf": {
      "version": "31.0.0",
      "resolved": "https://registry.npmjs.org/@types/ckeditor__ckeditor5-export-pdf/-/ckeditor__ckeditor5-export-pdf-31.0.0.tgz",
      "integrity": "sha512-ZQdL2eI/zpPtmMB8Qd5VHqvDx8VNsnCs4SPMWgSG1lrwC7tM0cnyLkCcVxHQYcvZIlihzEF/QJJ+AV9waxT9Pg==",
      "dependencies": {
        "@types/ckeditor__ckeditor5-core": "*",
        "@types/ckeditor__ckeditor5-utils": "*"
      }
    },
    "node_modules/@types/ckeditor__ckeditor5-export-word": {
      "version": "27.0.4",
      "resolved": "https://registry.npmjs.org/@types/ckeditor__ckeditor5-export-word/-/ckeditor__ckeditor5-export-word-27.0.4.tgz",
      "integrity": "sha512-2cpRFCsTHUh3xlbr3IdqfxhRs2AnfvViT0qekhk3SnP9VsUBiqN9CPcgGkBvk3huv30w5kiIpT2UH8l1Ff5Biw==",
      "dependencies": {
        "@types/ckeditor__ckeditor5-core": "*",
        "@types/ckeditor__ckeditor5-utils": "*"
      }
    },
    "node_modules/@types/ckeditor__ckeditor5-font": {
      "version": "33.0.1",
      "resolved": "https://registry.npmjs.org/@types/ckeditor__ckeditor5-font/-/ckeditor__ckeditor5-font-33.0.1.tgz",
      "integrity": "sha512-Hllu+akGhKWRtdahWqkewbmRV4DwPxuXjYzjlvqKoPMNst6UcBOYxeLR/HKoIqI4bn4Vc/p7mZvzKJs0R7CNGw==",
      "dependencies": {
        "@types/ckeditor__ckeditor5-core": "*",
        "@types/ckeditor__ckeditor5-engine": "*",
        "@types/ckeditor__ckeditor5-ui": "*",
        "@types/ckeditor__ckeditor5-utils": "*"
      }
    },
    "node_modules/@types/ckeditor__ckeditor5-heading": {
      "version": "29.0.3",
      "resolved": "https://registry.npmjs.org/@types/ckeditor__ckeditor5-heading/-/ckeditor__ckeditor5-heading-29.0.3.tgz",
      "integrity": "sha512-GfitzATatW4/ZJZ10VFI2OU1nG+r+c7JDHC/s/+9NzkqAyOEd8XTScAX0Sape+vqoNvnMUSAHNa03/ktAjDIqQ==",
      "dependencies": {
        "@types/ckeditor__ckeditor5-core": "*",
        "@types/ckeditor__ckeditor5-engine": "*",
        "@types/ckeditor__ckeditor5-paragraph": "*"
      }
    },
    "node_modules/@types/ckeditor__ckeditor5-highlight": {
      "version": "29.0.3",
      "resolved": "https://registry.npmjs.org/@types/ckeditor__ckeditor5-highlight/-/ckeditor__ckeditor5-highlight-29.0.3.tgz",
      "integrity": "sha512-Akq45EwzdI/egK/5YpKkoyYkEvq0w1EaBZMNOaKn8HaNFmhI2mQPwNzGHfEjbGDpKalI9cNTo0ImvqcqNgF+hg==",
      "dependencies": {
        "@types/ckeditor__ckeditor5-core": "*"
      }
    },
    "node_modules/@types/ckeditor__ckeditor5-image": {
      "version": "33.0.0",
      "resolved": "https://registry.npmjs.org/@types/ckeditor__ckeditor5-image/-/ckeditor__ckeditor5-image-33.0.0.tgz",
      "integrity": "sha512-rEu93lPml8CuG8UesJa3BBH6Bi84eskeHXgH5kXCPi+lGQvhHd3VrNWa6XgihnO4Z/60i4IYhW48vdWZJ/Iv/A==",
      "dependencies": {
        "@types/ckeditor__ckeditor5-clipboard": "*",
        "@types/ckeditor__ckeditor5-core": "*",
        "@types/ckeditor__ckeditor5-engine": "*",
        "@types/ckeditor__ckeditor5-image": "*",
        "@types/ckeditor__ckeditor5-typing": "*",
        "@types/ckeditor__ckeditor5-ui": "*",
        "@types/ckeditor__ckeditor5-undo": "*",
        "@types/ckeditor__ckeditor5-upload": "*",
        "@types/ckeditor__ckeditor5-utils": "*",
        "@types/ckeditor__ckeditor5-widget": "*"
      }
    },
    "node_modules/@types/ckeditor__ckeditor5-indent": {
      "version": "29.0.3",
      "resolved": "https://registry.npmjs.org/@types/ckeditor__ckeditor5-indent/-/ckeditor__ckeditor5-indent-29.0.3.tgz",
      "integrity": "sha512-ijVRz3hVR+KT4AmaHxOIyFd/Wi+XLtf5zDQuHP1DMAYgwudj6VGTfFl4vpebFB5wrWeY8EzkJZO1KsRlI21QdA==",
      "dependencies": {
        "@types/ckeditor__ckeditor5-core": "*"
      }
    },
    "node_modules/@types/ckeditor__ckeditor5-language": {
      "version": "32.0.0",
      "resolved": "https://registry.npmjs.org/@types/ckeditor__ckeditor5-language/-/ckeditor__ckeditor5-language-32.0.0.tgz",
      "integrity": "sha512-8vd0nRXXZgV5oUF0g6DdBfwWAj3KlQGjpMgxgp6cXBQJ86fINCyyGpqpSmd5L4iSrJHAN3OfQaKLlh9PHLcCVQ==",
      "dependencies": {
        "@types/ckeditor__ckeditor5-core": "*"
      }
    },
    "node_modules/@types/ckeditor__ckeditor5-link": {
      "version": "32.0.4",
      "resolved": "https://registry.npmjs.org/@types/ckeditor__ckeditor5-link/-/ckeditor__ckeditor5-link-32.0.4.tgz",
      "integrity": "sha512-ElABiBSynJvNpJ6kFSrOKfhtmVYUv7i158akP5VBnvI744hmvM3vl8D3Jjfj+/xKBFkHpJG9YN9XA0BSr+sOqA==",
      "dependencies": {
        "@types/ckeditor__ckeditor5-clipboard": "*",
        "@types/ckeditor__ckeditor5-core": "*",
        "@types/ckeditor__ckeditor5-engine": "*",
        "@types/ckeditor__ckeditor5-image": "*",
        "@types/ckeditor__ckeditor5-typing": "*",
        "@types/ckeditor__ckeditor5-ui": "*",
        "@types/ckeditor__ckeditor5-utils": "*"
      }
    },
    "node_modules/@types/ckeditor__ckeditor5-media-embed": {
      "version": "29.0.3",
      "resolved": "https://registry.npmjs.org/@types/ckeditor__ckeditor5-media-embed/-/ckeditor__ckeditor5-media-embed-29.0.3.tgz",
      "integrity": "sha512-Z1EAZ/s04KTh+MJHZ2Xj2ugwX8lOBmlga7BWdzO4/HkJVeNzozWjp4Kxj9bxVr3GA+EaGWS6MHqgnhtN4gqhfg==",
      "dependencies": {
        "@types/ckeditor__ckeditor5-clipboard": "*",
        "@types/ckeditor__ckeditor5-core": "*",
        "@types/ckeditor__ckeditor5-engine": "*",
        "@types/ckeditor__ckeditor5-typing": "*",
        "@types/ckeditor__ckeditor5-ui": "*",
        "@types/ckeditor__ckeditor5-undo": "*",
        "@types/ckeditor__ckeditor5-utils": "*",
        "@types/ckeditor__ckeditor5-widget": "*"
      }
    },
    "node_modules/@types/ckeditor__ckeditor5-mention": {
      "version": "31.0.0",
      "resolved": "https://registry.npmjs.org/@types/ckeditor__ckeditor5-mention/-/ckeditor__ckeditor5-mention-31.0.0.tgz",
      "integrity": "sha512-V2Xq+OrpegeKK6lWaJkpKLZNgW/nLZPhRl6p1rirKsEyVpxxjFO3qSZr3Byb7lxeRkyVLgR23hVgcvt8vfb5AQ==",
      "dependencies": {
        "@types/ckeditor__ckeditor5-core": "*",
        "@types/ckeditor__ckeditor5-engine": "*",
        "@types/ckeditor__ckeditor5-ui": "*",
        "@types/ckeditor__ckeditor5-utils": "*"
      }
    },
    "node_modules/@types/ckeditor__ckeditor5-minimap": {
      "version": "33.0.0",
      "resolved": "https://registry.npmjs.org/@types/ckeditor__ckeditor5-minimap/-/ckeditor__ckeditor5-minimap-33.0.0.tgz",
      "integrity": "sha512-XLu/QyyWVMzQseSqo/hQDWoBKzpZS83pXUwUmJcnXoK+lxaxuh8hYxY8W9qY5vrhh2IHocyrNnjMsLJLtu9FTA==",
      "dependencies": {
        "@types/ckeditor__ckeditor5-core": "*",
        "@types/ckeditor__ckeditor5-ui": "*",
        "@types/ckeditor__ckeditor5-utils": "*"
      }
    },
    "node_modules/@types/ckeditor__ckeditor5-pagination": {
      "version": "27.0.3",
      "resolved": "https://registry.npmjs.org/@types/ckeditor__ckeditor5-pagination/-/ckeditor__ckeditor5-pagination-27.0.3.tgz",
      "integrity": "sha512-2kyuvQyyi30aZbZHCh0wGpSVp9Q+v5N5AvEHAuSvj6/GOmPRdxK4YyAK/aO3FapUb3bxgvQilyIdA6JtIx1inQ==",
      "dependencies": {
        "@types/ckeditor__ckeditor5-core": "*"
      }
    },
    "node_modules/@types/ckeditor__ckeditor5-paragraph": {
      "version": "27.0.5",
      "resolved": "https://registry.npmjs.org/@types/ckeditor__ckeditor5-paragraph/-/ckeditor__ckeditor5-paragraph-27.0.5.tgz",
      "integrity": "sha512-Clevh7N4G15uFZky505TIM+9qYh9Qwf1oULyh9ntsCxDUNMpqhbmRjC/9J+qcTNLLZ1xppEs75r3ejM01ZkcQg==",
      "dependencies": {
        "@types/ckeditor__ckeditor5-core": "*",
        "@types/ckeditor__ckeditor5-engine": "*"
      }
    },
    "node_modules/@types/ckeditor__ckeditor5-real-time-collaboration": {
      "version": "32.0.0",
      "resolved": "https://registry.npmjs.org/@types/ckeditor__ckeditor5-real-time-collaboration/-/ckeditor__ckeditor5-real-time-collaboration-32.0.0.tgz",
      "integrity": "sha512-u93DiYz2Q2+0ILR4srrmabWYlBx1LTcEusSbE7ylvQrcTs4qmgWlio81FyEMEtn9G5hG4kqH/WN0WfhHjWoFTQ==",
      "dependencies": {
        "@types/ckeditor__ckeditor5-collaboration-core": "*",
        "@types/ckeditor__ckeditor5-core": "*",
        "@types/ckeditor__ckeditor5-engine": "*",
        "@types/ckeditor__ckeditor5-utils": "*"
      }
    },
    "node_modules/@types/ckeditor__ckeditor5-restricted-editing": {
      "version": "32.0.0",
      "resolved": "https://registry.npmjs.org/@types/ckeditor__ckeditor5-restricted-editing/-/ckeditor__ckeditor5-restricted-editing-32.0.0.tgz",
      "integrity": "sha512-FCOqLUbMxHBaghkXuVHl6hJy9VmimlEXPiMSHeK1jmjq3prsCvavup31Ps+zhwPlo0Bd7aS7GBdUJPGuYkYP9w==",
      "dependencies": {
        "@types/ckeditor__ckeditor5-core": "*",
        "@types/ckeditor__ckeditor5-engine": "*",
        "@types/ckeditor__ckeditor5-utils": "*"
      }
    },
    "node_modules/@types/ckeditor__ckeditor5-table": {
      "version": "33.0.0",
      "resolved": "https://registry.npmjs.org/@types/ckeditor__ckeditor5-table/-/ckeditor__ckeditor5-table-33.0.0.tgz",
      "integrity": "sha512-a711hMOd4u/zqP/dTvEoP/bpnKLxfRasaZtiv3kepIAYub2Acz5ZOi9Gha71sWRwGK3Jeq+4q8gPuNJHYSRttQ==",
      "dependencies": {
        "@types/ckeditor__ckeditor5-core": "*",
        "@types/ckeditor__ckeditor5-engine": "*",
        "@types/ckeditor__ckeditor5-ui": "*",
        "@types/ckeditor__ckeditor5-utils": "*",
        "@types/ckeditor__ckeditor5-widget": "*"
      }
    },
    "node_modules/@types/ckeditor__ckeditor5-track-changes": {
      "version": "32.0.0",
      "resolved": "https://registry.npmjs.org/@types/ckeditor__ckeditor5-track-changes/-/ckeditor__ckeditor5-track-changes-32.0.0.tgz",
      "integrity": "sha512-fFe+Tnni2BzrnOYD46zSkAf/StCSAaClN+lILHlWGBKo1xMod1T+hcsrnPkVrFwYSlXraDIvJIEeArrXYCKGnA==",
      "dependencies": {
        "@types/ckeditor__ckeditor5-collaboration-core": "*",
        "@types/ckeditor__ckeditor5-core": "*",
        "@types/ckeditor__ckeditor5-engine": "*",
        "@types/ckeditor__ckeditor5-ui": "*",
        "@types/ckeditor__ckeditor5-utils": "*"
      }
    },
    "node_modules/@types/ckeditor__ckeditor5-typing": {
      "version": "32.0.1",
      "resolved": "https://registry.npmjs.org/@types/ckeditor__ckeditor5-typing/-/ckeditor__ckeditor5-typing-32.0.1.tgz",
      "integrity": "sha512-DskFBdfcUACpxVjhdpZTCD8H3gnG/zu08kWyT6TczuBJEXTRoCfX/lZ0Dh7sd20/dxow21pLC4V9Uv/yNUquBA==",
      "dependencies": {
        "@types/ckeditor__ckeditor5-core": "*",
        "@types/ckeditor__ckeditor5-engine": "*",
        "@types/ckeditor__ckeditor5-utils": "*"
      }
    },
    "node_modules/@types/ckeditor__ckeditor5-ui": {
      "version": "32.0.2",
      "resolved": "https://registry.npmjs.org/@types/ckeditor__ckeditor5-ui/-/ckeditor__ckeditor5-ui-32.0.2.tgz",
      "integrity": "sha512-0cAaEtXB+i8jnSQMVB50LqI91gJkmG8AnFsowpRPJczsnakMNYTlV+cEhPMe2RbwWxScler0jLmUNsbEORZOTw==",
      "dependencies": {
        "@types/ckeditor__ckeditor5-core": "*",
        "@types/ckeditor__ckeditor5-engine": "*",
        "@types/ckeditor__ckeditor5-ui": "*",
        "@types/ckeditor__ckeditor5-utils": "*"
      }
    },
    "node_modules/@types/ckeditor__ckeditor5-undo": {
      "version": "27.0.3",
      "resolved": "https://registry.npmjs.org/@types/ckeditor__ckeditor5-undo/-/ckeditor__ckeditor5-undo-27.0.3.tgz",
      "integrity": "sha512-UpbmO0V82XvoVsnIjdM1Cb9RE9lB9vxGYKkQUzGwtw4wZbMb1A+CMIYkZIXO3aNs6x42F562ymFpjjkHBzgLHA==",
      "dependencies": {
        "@types/ckeditor__ckeditor5-core": "*",
        "@types/ckeditor__ckeditor5-engine": "*"
      }
    },
    "node_modules/@types/ckeditor__ckeditor5-upload": {
      "version": "27.0.7",
      "resolved": "https://registry.npmjs.org/@types/ckeditor__ckeditor5-upload/-/ckeditor__ckeditor5-upload-27.0.7.tgz",
      "integrity": "sha512-E8ubVL/94RX4qQe5M7OmSEmH1sTRfz0cwSmfe/vRlTedzM5pzwczXXMYzbnbz28UzOmraOS0Zgq+9WVBcPHJ6Q==",
      "dependencies": {
        "@types/ckeditor__ckeditor5-core": "*",
        "@types/ckeditor__ckeditor5-ui": "*",
        "@types/ckeditor__ckeditor5-utils": "*"
      }
    },
    "node_modules/@types/ckeditor__ckeditor5-utils": {
      "version": "28.0.15",
      "resolved": "https://registry.npmjs.org/@types/ckeditor__ckeditor5-utils/-/ckeditor__ckeditor5-utils-28.0.15.tgz",
      "integrity": "sha512-3cLoE8OyqnJHIz6WER6Cm+jeK+5tkrTE5hDYabYswXuc7Oln43uGnk0oim000wXGtkkipEqWqtfFLRjP5OrdZQ==",
      "dependencies": {
        "@types/ckeditor__ckeditor5-core": "*",
        "@types/ckeditor__ckeditor5-engine": "*"
      }
    },
    "node_modules/@types/ckeditor__ckeditor5-widget": {
      "version": "33.0.1",
      "resolved": "https://registry.npmjs.org/@types/ckeditor__ckeditor5-widget/-/ckeditor__ckeditor5-widget-33.0.1.tgz",
      "integrity": "sha512-dHhFdVj2LFo0nCYJOYB5hohZiJNrkI0xICBBejbnzHxzyjxgYpaUoOKsItjxl49DeCdEJ82DU9Wu/cpmTJyCKw==",
      "dependencies": {
        "@types/ckeditor__ckeditor5-core": "*",
        "@types/ckeditor__ckeditor5-engine": "*",
        "@types/ckeditor__ckeditor5-enter": "*",
        "@types/ckeditor__ckeditor5-typing": "*",
        "@types/ckeditor__ckeditor5-ui": "*",
        "@types/ckeditor__ckeditor5-utils": "*"
      }
    },
    "node_modules/@types/ckeditor__ckeditor5-word-count": {
      "version": "29.0.2",
      "resolved": "https://registry.npmjs.org/@types/ckeditor__ckeditor5-word-count/-/ckeditor__ckeditor5-word-count-29.0.2.tgz",
      "integrity": "sha512-eZ9NwCtTsWOLtNYxLfNvBLx6DfcPgYh4+2p9508zQbQ4x9jMOgs9Vx4tGbFVM501eIGCp4g1XjobbWGuBJqpMA==",
      "dependencies": {
        "@types/ckeditor__ckeditor5-core": "*",
        "@types/ckeditor__ckeditor5-engine": "*"
      }
    },
    "node_modules/@types/estree": {
      "version": "0.0.39",
      "resolved": "https://registry.npmjs.org/@types/estree/-/estree-0.0.39.tgz",
      "integrity": "sha512-EYNwp3bU+98cpU4lAWYYL7Zz+2gryWH1qbdDTidVd6hkiR6weksdbMadyXKXNPEkQFhXM+hVO9ZygomHXp+AIw=="
    },
    "node_modules/@types/node": {
      "version": "18.15.0",
      "resolved": "https://registry.npmjs.org/@types/node/-/node-18.15.0.tgz",
      "integrity": "sha512-z6nr0TTEOBGkzLGmbypWOGnpSpSIBorEhC4L+4HeQ2iezKCi4f77kyslRwvHeNitymGQ+oFyIWGP96l/DPSV9w=="
    },
    "node_modules/@types/resolve": {
      "version": "1.17.1",
      "resolved": "https://registry.npmjs.org/@types/resolve/-/resolve-1.17.1.tgz",
      "integrity": "sha512-yy7HuzQhj0dhGpD8RLXSZWEkLsV9ibvxvi6EiJ3bkqLAO1RGo0WbkWQiwpRlSFymTJRz0d3k5LM3kkx8ArDbLw==",
      "dependencies": {
        "@types/node": "*"
      }
    },
    "node_modules/acorn": {
      "version": "8.8.2",
      "resolved": "https://registry.npmjs.org/acorn/-/acorn-8.8.2.tgz",
      "integrity": "sha512-xjIYgE8HBrkpd/sJqOGNspf8uHG+NOHGOw6a/Urj8taM2EXfdNAH2oFcPeIFfsv3+kz/mJrS5VuMqbNLjCa2vw==",
      "bin": {
        "acorn": "bin/acorn"
      },
      "engines": {
        "node": ">=0.4.0"
      }
    },
    "node_modules/ansi-styles": {
      "version": "3.2.1",
      "resolved": "https://registry.npmjs.org/ansi-styles/-/ansi-styles-3.2.1.tgz",
      "integrity": "sha512-VT0ZI6kZRdTh8YyJw3SMbYm/u+NqfsAxEpWO0Pf9sq8/e94WxxOpPKx9FR1FlyCtOVDNOQ+8ntlqFxiRc+r5qA==",
      "dependencies": {
        "color-convert": "^1.9.0"
      },
      "engines": {
        "node": ">=4"
      }
    },
    "node_modules/buffer-from": {
      "version": "1.1.2",
      "resolved": "https://registry.npmjs.org/buffer-from/-/buffer-from-1.1.2.tgz",
      "integrity": "sha512-E+XQCRwSbaaiChtv6k6Dwgc+bx+Bs6vuKJHHl5kox/BaKbhiXzqQOwK4cO22yElGp2OCmjwVhT3HmxgyPGnJfQ=="
    },
    "node_modules/builtin-modules": {
      "version": "3.3.0",
      "resolved": "https://registry.npmjs.org/builtin-modules/-/builtin-modules-3.3.0.tgz",
      "integrity": "sha512-zhaCDicdLuWN5UbN5IMnFqNMhNfo919sH85y2/ea+5Yg9TsTkeZxpL+JLbp6cgYFS4sRLp3YV4S6yDuqVWHYOw==",
      "engines": {
        "node": ">=6"
      },
      "funding": {
        "url": "https://github.com/sponsors/sindresorhus"
      }
    },
    "node_modules/chalk": {
      "version": "2.4.2",
      "resolved": "https://registry.npmjs.org/chalk/-/chalk-2.4.2.tgz",
      "integrity": "sha512-Mti+f9lpJNcwF4tWV8/OrTTtF1gZi+f8FqlyAdouralcFWFQWF2+NgCHShjkCb+IFBLq9buZwE1xckQU4peSuQ==",
      "dependencies": {
        "ansi-styles": "^3.2.1",
        "escape-string-regexp": "^1.0.5",
        "supports-color": "^5.3.0"
      },
      "engines": {
        "node": ">=4"
      }
    },
    "node_modules/color-convert": {
      "version": "1.9.3",
      "resolved": "https://registry.npmjs.org/color-convert/-/color-convert-1.9.3.tgz",
      "integrity": "sha512-QfAUtd+vFdAtFQcC8CCyYt1fYWxSqAiK2cSD6zDB8N3cpsEBAvRxp9zOGg6G/SHHJYAT88/az/IuDGALsNVbGg==",
      "dependencies": {
        "color-name": "1.1.3"
      }
    },
    "node_modules/color-name": {
      "version": "1.1.3",
      "resolved": "https://registry.npmjs.org/color-name/-/color-name-1.1.3.tgz",
      "integrity": "sha512-72fSenhMw2HZMTVHeCA9KCmpEIbzWiQsjN+BHcBbS9vr1mtt+vJjPdksIBNUmKAW8TFUDPJK5SUU3QhE9NEXDw=="
    },
    "node_modules/commander": {
      "version": "2.20.3",
      "resolved": "https://registry.npmjs.org/commander/-/commander-2.20.3.tgz",
      "integrity": "sha512-GpVkmM8vF2vQUkj2LvZmD35JxeJOLCwJ9cUkugyk2nuhbv3+mJvpLYYt+0+USMxE+oj+ey/lJEnhZw75x/OMcQ=="
    },
    "node_modules/deepmerge": {
      "version": "4.3.0",
      "resolved": "https://registry.npmjs.org/deepmerge/-/deepmerge-4.3.0.tgz",
      "integrity": "sha512-z2wJZXrmeHdvYJp/Ux55wIjqo81G5Bp4c+oELTW+7ar6SogWHajt5a9gO3s3IDaGSAXjDk0vlQKN3rms8ab3og==",
      "engines": {
        "node": ">=0.10.0"
      }
    },
    "node_modules/escape-string-regexp": {
      "version": "1.0.5",
      "resolved": "https://registry.npmjs.org/escape-string-regexp/-/escape-string-regexp-1.0.5.tgz",
      "integrity": "sha512-vbRorB5FUQWvla16U8R/qgaFIya2qGzwDrNmCZuYKrbdSUMG6I1ZCGQRefkRVhuOkIGVne7BQ35DSfo1qvJqFg==",
      "engines": {
        "node": ">=0.8.0"
      }
    },
    "node_modules/estree-walker": {
      "version": "1.0.1",
      "resolved": "https://registry.npmjs.org/estree-walker/-/estree-walker-1.0.1.tgz",
      "integrity": "sha512-1fMXF3YP4pZZVozF8j/ZLfvnR8NSIljt56UhbZ5PeeDmmGHpgpdwQt7ITlGvYaQukCvuBRMLEiKiYC+oeIg4cg=="
    },
    "node_modules/fsevents": {
      "version": "2.3.2",
      "resolved": "https://registry.npmjs.org/fsevents/-/fsevents-2.3.2.tgz",
      "integrity": "sha512-xiqMQR4xAeHTuB9uWm+fFRcIOgKBMiOBP+eXiyT7jsgVCq1bkVygt00oASowB7EdtpOHaaPgKt812P9ab+DDKA==",
      "hasInstallScript": true,
      "optional": true,
      "os": [
        "darwin"
      ],
      "engines": {
        "node": "^8.16.0 || ^10.6.0 || >=11.0.0"
      }
    },
    "node_modules/function-bind": {
      "version": "1.1.1",
      "resolved": "https://registry.npmjs.org/function-bind/-/function-bind-1.1.1.tgz",
      "integrity": "sha512-yIovAzMX49sF8Yl58fSCWJ5svSLuaibPxXQJFLmBObTuCr0Mf1KiPopGM9NiFjiYBCbfaa2Fh6breQ6ANVTI0A=="
    },
    "node_modules/has": {
      "version": "1.0.3",
      "resolved": "https://registry.npmjs.org/has/-/has-1.0.3.tgz",
      "integrity": "sha512-f2dvO0VU6Oej7RkWJGrehjbzMAjFp5/VKPp5tTpWIV4JHHZK1/BxbFRtf/siA2SWTe09caDmVtYYzWEIbBS4zw==",
      "dependencies": {
        "function-bind": "^1.1.1"
      },
      "engines": {
        "node": ">= 0.4.0"
      }
    },
    "node_modules/has-flag": {
      "version": "3.0.0",
      "resolved": "https://registry.npmjs.org/has-flag/-/has-flag-3.0.0.tgz",
      "integrity": "sha512-sKJf1+ceQBr4SMkvQnBDNDtf4TXpVhVGateu0t918bl30FnbE2m4vNLX+VWe/dpjlb+HugGYzW7uQXH98HPEYw==",
      "engines": {
        "node": ">=4"
      }
    },
    "node_modules/is-builtin-module": {
      "version": "3.2.1",
      "resolved": "https://registry.npmjs.org/is-builtin-module/-/is-builtin-module-3.2.1.tgz",
      "integrity": "sha512-BSLE3HnV2syZ0FK0iMA/yUGplUeMmNz4AW5fnTunbCIqZi4vG3WjJT9FHMy5D69xmAYBHXQhJdALdpwVxV501A==",
      "dependencies": {
        "builtin-modules": "^3.3.0"
      },
      "engines": {
        "node": ">=6"
      },
      "funding": {
        "url": "https://github.com/sponsors/sindresorhus"
      }
    },
    "node_modules/is-core-module": {
      "version": "2.11.0",
      "resolved": "https://registry.npmjs.org/is-core-module/-/is-core-module-2.11.0.tgz",
      "integrity": "sha512-RRjxlvLDkD1YJwDbroBHMb+cukurkDWNyHx7D3oNB5x9rb5ogcksMC5wHCadcXoo67gVr/+3GFySh3134zi6rw==",
      "dependencies": {
        "has": "^1.0.3"
      },
      "funding": {
        "url": "https://github.com/sponsors/ljharb"
      }
    },
    "node_modules/is-module": {
      "version": "1.0.0",
      "resolved": "https://registry.npmjs.org/is-module/-/is-module-1.0.0.tgz",
      "integrity": "sha512-51ypPSPCoTEIN9dy5Oy+h4pShgJmPCygKfyRCISBI+JoWT/2oJvK8QPxmwv7b/p239jXrm9M1mlQbyKJ5A152g=="
    },
    "node_modules/jest-worker": {
      "version": "26.6.2",
      "resolved": "https://registry.npmjs.org/jest-worker/-/jest-worker-26.6.2.tgz",
      "integrity": "sha512-KWYVV1c4i+jbMpaBC+U++4Va0cp8OisU185o73T1vo99hqi7w8tSJfUXYswwqqrjzwxa6KpRK54WhPvwf5w6PQ==",
      "dependencies": {
        "@types/node": "*",
        "merge-stream": "^2.0.0",
        "supports-color": "^7.0.0"
      },
      "engines": {
        "node": ">= 10.13.0"
      }
    },
    "node_modules/jest-worker/node_modules/has-flag": {
      "version": "4.0.0",
      "resolved": "https://registry.npmjs.org/has-flag/-/has-flag-4.0.0.tgz",
      "integrity": "sha512-EykJT/Q1KjTWctppgIAgfSO0tKVuZUjhgMr17kqTumMl6Afv3EISleU7qZUzoXDFTAHTDC4NOoG/ZxU3EvlMPQ==",
      "engines": {
        "node": ">=8"
      }
    },
    "node_modules/jest-worker/node_modules/supports-color": {
      "version": "7.2.0",
      "resolved": "https://registry.npmjs.org/supports-color/-/supports-color-7.2.0.tgz",
      "integrity": "sha512-qpCAvRl9stuOHveKsn7HncJRvv501qIacKzQlO/+Lwxc9+0q2wLyv4Dfvt80/DPn2pqOBsJdDiogXGR9+OvwRw==",
      "dependencies": {
        "has-flag": "^4.0.0"
      },
      "engines": {
        "node": ">=8"
      }
    },
    "node_modules/jquery": {
      "version": "3.6.4",
      "resolved": "https://registry.npmjs.org/jquery/-/jquery-3.6.4.tgz",
      "integrity": "sha512-v28EW9DWDFpzcD9O5iyJXg3R3+q+mET5JhnjJzQUZMHOv67bpSIHq81GEYpPNZHG+XXHsfSme3nxp/hndKEcsQ=="
    },
    "node_modules/js-tokens": {
      "version": "4.0.0",
      "resolved": "https://registry.npmjs.org/js-tokens/-/js-tokens-4.0.0.tgz",
      "integrity": "sha512-RdJUflcE3cUzKiMqQgsCu06FPu9UdIJO0beYbPhHN4k6apgJtifcoCtT9bcxOpYBtpD2kCM6Sbzg4CausW/PKQ=="
    },
    "node_modules/lodash-es": {
      "version": "4.17.21",
      "resolved": "https://registry.npmjs.org/lodash-es/-/lodash-es-4.17.21.tgz",
      "integrity": "sha512-mKnC+QJ9pWVzv+C4/U3rRsHapFfHvQFoFB92e52xeyGMcX6/OlIl78je1u8vePzYZSkkogMPJ2yjxxsb89cxyw=="
    },
    "node_modules/merge-stream": {
      "version": "2.0.0",
      "resolved": "https://registry.npmjs.org/merge-stream/-/merge-stream-2.0.0.tgz",
      "integrity": "sha512-abv/qOcuPfk3URPfDzmZU1LKmuw8kT+0nIHvKrKgFrwifol/doWcdA4ZqsWQ8ENrFKkd67Mfpo/LovbIUsbt3w=="
    },
    "node_modules/path-parse": {
      "version": "1.0.7",
      "resolved": "https://registry.npmjs.org/path-parse/-/path-parse-1.0.7.tgz",
      "integrity": "sha512-LDJzPVEEEPR+y48z93A0Ed0yXb8pAByGWo/k5YYdYgpY2/2EsOsksJrq7lOHxryrVOn1ejG6oAp8ahvOIQD8sw=="
    },
    "node_modules/picomatch": {
      "version": "2.3.1",
      "resolved": "https://registry.npmjs.org/picomatch/-/picomatch-2.3.1.tgz",
      "integrity": "sha512-JU3teHTNjmE2VCGFzuY8EXzCDVwEqB2a8fsIvwaStHhAWJEeVd1o1QD80CU6+ZdEXXSLbSsuLwJjkCBWqRQUVA==",
      "engines": {
        "node": ">=8.6"
      },
      "funding": {
        "url": "https://github.com/sponsors/jonschlinkert"
      }
    },
    "node_modules/randombytes": {
      "version": "2.1.0",
      "resolved": "https://registry.npmjs.org/randombytes/-/randombytes-2.1.0.tgz",
      "integrity": "sha512-vYl3iOX+4CKUWuxGi9Ukhie6fsqXqS9FE2Zaic4tNFD2N2QQaXOMFbuKK4QmDHC0JO6B1Zp41J0LpT0oR68amQ==",
      "dependencies": {
        "safe-buffer": "^5.1.0"
      }
    },
    "node_modules/resolve": {
      "version": "1.22.1",
      "resolved": "https://registry.npmjs.org/resolve/-/resolve-1.22.1.tgz",
      "integrity": "sha512-nBpuuYuY5jFsli/JIs1oldw6fOQCBioohqWZg/2hiaOybXOft4lonv85uDOKXdf8rhyK159cxU5cDcK/NKk8zw==",
      "dependencies": {
        "is-core-module": "^2.9.0",
        "path-parse": "^1.0.7",
        "supports-preserve-symlinks-flag": "^1.0.0"
      },
      "bin": {
        "resolve": "bin/resolve"
      },
      "funding": {
        "url": "https://github.com/sponsors/ljharb"
      }
    },
    "node_modules/rollup": {
      "version": "2.79.1",
      "resolved": "https://registry.npmjs.org/rollup/-/rollup-2.79.1.tgz",
      "integrity": "sha512-uKxbd0IhMZOhjAiD5oAFp7BqvkA4Dv47qpOCtaNvng4HBwdbWtdOh8f5nZNuk2rp51PMGk3bzfWu5oayNEuYnw==",
      "bin": {
        "rollup": "dist/bin/rollup"
      },
      "engines": {
        "node": ">=10.0.0"
      },
      "optionalDependencies": {
        "fsevents": "~2.3.2"
      }
    },
    "node_modules/rollup-plugin-terser": {
      "version": "7.0.2",
      "resolved": "https://registry.npmjs.org/rollup-plugin-terser/-/rollup-plugin-terser-7.0.2.tgz",
      "integrity": "sha512-w3iIaU4OxcF52UUXiZNsNeuXIMDvFrr+ZXK6bFZ0Q60qyVfq4uLptoS4bbq3paG3x216eQllFZX7zt6TIImguQ==",
      "deprecated": "This package has been deprecated and is no longer maintained. Please use @rollup/plugin-terser",
      "dependencies": {
        "@babel/code-frame": "^7.10.4",
        "jest-worker": "^26.2.1",
        "serialize-javascript": "^4.0.0",
        "terser": "^5.0.0"
      },
      "peerDependencies": {
        "rollup": "^2.0.0"
      }
    },
    "node_modules/safe-buffer": {
      "version": "5.2.1",
      "resolved": "https://registry.npmjs.org/safe-buffer/-/safe-buffer-5.2.1.tgz",
      "integrity": "sha512-rp3So07KcdmmKbGvgaNxQSJr7bGVSVk5S9Eq1F+ppbRo70+YeaDxkw5Dd8NPN+GD6bjnYm2VuPuCXmpuYvmCXQ==",
      "funding": [
        {
          "type": "github",
          "url": "https://github.com/sponsors/feross"
        },
        {
          "type": "patreon",
          "url": "https://www.patreon.com/feross"
        },
        {
          "type": "consulting",
          "url": "https://feross.org/support"
        }
      ]
    },
    "node_modules/serialize-javascript": {
      "version": "4.0.0",
      "resolved": "https://registry.npmjs.org/serialize-javascript/-/serialize-javascript-4.0.0.tgz",
      "integrity": "sha512-GaNA54380uFefWghODBWEGisLZFj00nS5ACs6yHa9nLqlLpVLO8ChDGeKRjZnV4Nh4n0Qi7nhYZD/9fCPzEqkw==",
      "dependencies": {
        "randombytes": "^2.1.0"
      }
    },
    "node_modules/source-map": {
      "version": "0.6.1",
      "resolved": "https://registry.npmjs.org/source-map/-/source-map-0.6.1.tgz",
      "integrity": "sha512-UjgapumWlbMhkBgzT7Ykc5YXUT46F0iKu8SGXq0bcwP5dz/h0Plj6enJqjz1Zbq2l5WaqYnrVbwWOWMyF3F47g==",
      "engines": {
        "node": ">=0.10.0"
      }
    },
    "node_modules/source-map-support": {
      "version": "0.5.21",
      "resolved": "https://registry.npmjs.org/source-map-support/-/source-map-support-0.5.21.tgz",
      "integrity": "sha512-uBHU3L3czsIyYXKX88fdrGovxdSCoTGDRZ6SYXtSRxLZUzHg5P/66Ht6uoUlHu9EZod+inXhKo3qQgwXUT/y1w==",
      "dependencies": {
        "buffer-from": "^1.0.0",
        "source-map": "^0.6.0"
      }
    },
    "node_modules/supports-color": {
      "version": "5.5.0",
      "resolved": "https://registry.npmjs.org/supports-color/-/supports-color-5.5.0.tgz",
      "integrity": "sha512-QjVjwdXIt408MIiAqCX4oUKsgU2EqAGzs2Ppkm4aQYbjm+ZEWEcW4SfFNTr4uMNZma0ey4f5lgLrkB0aX0QMow==",
      "dependencies": {
        "has-flag": "^3.0.0"
      },
      "engines": {
        "node": ">=4"
      }
    },
    "node_modules/supports-preserve-symlinks-flag": {
      "version": "1.0.0",
      "resolved": "https://registry.npmjs.org/supports-preserve-symlinks-flag/-/supports-preserve-symlinks-flag-1.0.0.tgz",
      "integrity": "sha512-ot0WnXS9fgdkgIcePe6RHNk1WA8+muPa6cSjeR3V8K27q9BB1rTE3R1p7Hv0z1ZyAc8s6Vvv8DIyWf681MAt0w==",
      "engines": {
        "node": ">= 0.4"
      },
      "funding": {
        "url": "https://github.com/sponsors/ljharb"
      }
    },
    "node_modules/terser": {
      "version": "5.16.6",
      "resolved": "https://registry.npmjs.org/terser/-/terser-5.16.6.tgz",
      "integrity": "sha512-IBZ+ZQIA9sMaXmRZCUMDjNH0D5AQQfdn4WUjHL0+1lF4TP1IHRJbrhb6fNaXWikrYQTSkb7SLxkeXAiy1p7mbg==",
      "dependencies": {
        "@jridgewell/source-map": "^0.3.2",
        "acorn": "^8.5.0",
        "commander": "^2.20.0",
        "source-map-support": "~0.5.20"
      },
      "bin": {
        "terser": "bin/terser"
      },
      "engines": {
        "node": ">=10"
      }
    },
    "node_modules/tslib": {
      "version": "2.5.0",
      "resolved": "https://registry.npmjs.org/tslib/-/tslib-2.5.0.tgz",
      "integrity": "sha512-336iVw3rtn2BUK7ORdIAHTyxHGRIHVReokCR3XjbckJMK7ms8FysBfhLR8IXnAgy7T0PTPNBWKiH514FOW/WSg=="
    },
    "node_modules/typescript": {
      "version": "4.9.5",
      "resolved": "https://registry.npmjs.org/typescript/-/typescript-4.9.5.tgz",
      "integrity": "sha512-1FXk9E2Hm+QzZQ7z+McJiHL4NW1F2EzMu9Nq9i3zAaGqibafqYwCVU6WyWAuyQRRzOlxou8xZSyXLEN8oKj24g==",
      "peer": true,
      "bin": {
        "tsc": "bin/tsc",
        "tsserver": "bin/tsserver"
      },
      "engines": {
        "node": ">=4.2.0"
      }
    }
  }
}
